{
  "name": "javascriptstopwatch",
  "version": "1.0.0",
  "lockfileVersion": 2,
  "requires": true,
  "packages": {
    "": {
      "name": "javascriptstopwatch",
      "version": "1.0.0",
      "license": "ISC",
      "devDependencies": {
        "@types/npm": "^7.19.0"
      }
    },
    "node_modules/@types/node": {
      "version": "18.0.6",
      "resolved": "https://registry.npmjs.org/@types/node/-/node-18.0.6.tgz",
      "integrity": "sha512-/xUq6H2aQm261exT6iZTMifUySEt4GR5KX8eYyY+C4MSNPqSh9oNIP7tz2GLKTlFaiBbgZNxffoR3CVRG+cljw==",
      "dev": true
    },
    "node_modules/@types/npm": {
      "version": "7.19.0",
      "resolved": "https://registry.npmjs.org/@types/npm/-/npm-7.19.0.tgz",
      "integrity": "sha512-K/w+k8SnDjdQoK2fkUl9fHLAiVVmdFgdZ2/iGFuaaQC+wwaNdDQRTFaoCEYYrfCMbuVkhL3Lgqbi+p5d5I1lSg==",
      "dev": true,
      "dependencies": {
        "@types/node": "*"
      }
    }
  },
  "dependencies": {
    "@types/node": {
      "version": "18.0.6",
      "resolved": "https://registry.npmjs.org/@types/node/-/node-18.0.6.tgz",
      "integrity": "sha512-/xUq6H2aQm261exT6iZTMifUySEt4GR5KX8eYyY+C4MSNPqSh9oNIP7tz2GLKTlFaiBbgZNxffoR3CVRG+cljw==",
      "dev": true
    },
    "@types/npm": {
      "version": "7.19.0",
      "resolved": "https://registry.npmjs.org/@types/npm/-/npm-7.19.0.tgz",
      "integrity": "sha512-K/w+k8SnDjdQoK2fkUl9fHLAiVVmdFgdZ2/iGFuaaQC+wwaNdDQRTFaoCEYYrfCMbuVkhL3Lgqbi+p5d5I1lSg==",
      "dev": true,
      "requires": {
        "@types/node": "*"
      }
    }
  }
}
